
Microsoft Visual Studio Solution File, Format Version 12.00
# Visual Studio Version 17
VisualStudioVersion = 17.10.35013.160
MinimumVisualStudioVersion = 10.0.40219.1
Project("{FAE04EC0-301F-11D3-BF4B-00C04F79EFBC}") = "topic 3 mono", "topic 3 mono.csproj", "{FF2AA657-F249-46BC-860C-EC33C15F3D5A}"
EndProject
Global
	GlobalSection(SolutionConfigurationPlatforms) = preSolution
		Debug|Any CPU = Debug|Any CPU
		Release|Any CPU = Release|Any CPU
	EndGlobalSection
	GlobalSection(ProjectConfigurationPlatforms) = postSolution
		{FF2AA657-F249-46BC-860C-EC33C15F3D5A}.Debug|Any CPU.ActiveCfg = Debug|Any CPU
		{FF2AA657-F249-46BC-860C-EC33C15F3D5A}.Debug|Any CPU.Build.0 = Debug|Any CPU
		{FF2AA657-F249-46BC-860C-EC33C15F3D5A}.Release|Any CPU.ActiveCfg = Release|Any CPU
		{FF2AA657-F249-46BC-860C-EC33C15F3D5A}.Release|Any CPU.Build.0 = Release|Any CPU
	EndGlobalSection
	GlobalSection(SolutionProperties) = preSolution
		HideSolutionNode = FALSE
	EndGlobalSection
	GlobalSection(ExtensibilityGlobals) = postSolution
		SolutionGuid = {F0BAF981-7151-4E8A-8B46-91A1353F87FD}
	EndGlobalSection
EndGlobal
